
Microsoft Visual Studio Solution File, Format Version 12.00
# Visual Studio 14
VisualStudioVersion = 14.0.24720.0
MinimumVisualStudioVersion = 10.0.40219.1
Project("{8BC9CEB8-8B4A-11D0-8D11-00A0C91BC942}") = "parseUrl", "parseUrl.vcxproj", "{CF949A32-3A80-4F9B-A3BA-AB6BA4A6F94C}"
EndProject
Project("{8BC9CEB8-8B4A-11D0-8D11-00A0C91BC942}") = "parseUrl_Tests", "..\parseUrl_Tests\parseUrl_Tests.vcxproj", "{95360607-D6C4-4C28-B42D-6ED3D7252788}"
EndProject
Global
	GlobalSection(SolutionConfigurationPlatforms) = preSolution
		Debug|x64 = Debug|x64
		Debug|x86 = Debug|x86
		Release|x64 = Release|x64
		Release|x86 = Release|x86
	EndGlobalSection
	GlobalSection(ProjectConfigurationPlatforms) = postSolution
		{CF949A32-3A80-4F9B-A3BA-AB6BA4A6F94C}.Debug|x64.ActiveCfg = Debug|x64
		{CF949A32-3A80-4F9B-A3BA-AB6BA4A6F94C}.Debug|x64.Build.0 = Debug|x64
		{CF949A32-3A80-4F9B-A3BA-AB6BA4A6F94C}.Debug|x86.ActiveCfg = Debug|Win32
		{CF949A32-3A80-4F9B-A3BA-AB6BA4A6F94C}.Debug|x86.Build.0 = Debug|Win32
		{CF949A32-3A80-4F9B-A3BA-AB6BA4A6F94C}.Release|x64.ActiveCfg = Release|x64
		{CF949A32-3A80-4F9B-A3BA-AB6BA4A6F94C}.Release|x64.Build.0 = Release|x64
		{CF949A32-3A80-4F9B-A3BA-AB6BA4A6F94C}.Release|x86.ActiveCfg = Release|Win32
		{CF949A32-3A80-4F9B-A3BA-AB6BA4A6F94C}.Release|x86.Build.0 = Release|Win32
		{95360607-D6C4-4C28-B42D-6ED3D7252788}.Debug|x64.ActiveCfg = Debug|x64
		{95360607-D6C4-4C28-B42D-6ED3D7252788}.Debug|x64.Build.0 = Debug|x64
		{95360607-D6C4-4C28-B42D-6ED3D7252788}.Debug|x86.ActiveCfg = Debug|Win32
		{95360607-D6C4-4C28-B42D-6ED3D7252788}.Debug|x86.Build.0 = Debug|Win32
		{95360607-D6C4-4C28-B42D-6ED3D7252788}.Release|x64.ActiveCfg = Release|x64
		{95360607-D6C4-4C28-B42D-6ED3D7252788}.Release|x64.Build.0 = Release|x64
		{95360607-D6C4-4C28-B42D-6ED3D7252788}.Release|x86.ActiveCfg = Release|Win32
		{95360607-D6C4-4C28-B42D-6ED3D7252788}.Release|x86.Build.0 = Release|Win32
	EndGlobalSection
	GlobalSection(SolutionProperties) = preSolution
		HideSolutionNode = FALSE
	EndGlobalSection
EndGlobal
